
Microsoft Visual Studio Solution File, Format Version 12.00
# Visual Studio 15
VisualStudioVersion = 15.0.27428.2037
MinimumVisualStudioVersion = 10.0.40219.1
Project("{F184B08F-C81C-45F6-A57F-5ABD9991F28F}") = "CA_Testing", "CA_Testing\CA_Testing.vbproj", "{D0337F7F-0934-4B53-A0F5-CA5F04404DD1}"
EndProject
Global
	GlobalSection(SolutionConfigurationPlatforms) = preSolution
		Debug|Any CPU = Debug|Any CPU
		Release|Any CPU = Release|Any CPU
	EndGlobalSection
	GlobalSection(ProjectConfigurationPlatforms) = postSolution
		{D0337F7F-0934-4B53-A0F5-CA5F04404DD1}.Debug|Any CPU.ActiveCfg = Debug|Any CPU
		{D0337F7F-0934-4B53-A0F5-CA5F04404DD1}.Debug|Any CPU.Build.0 = Debug|Any CPU
		{D0337F7F-0934-4B53-A0F5-CA5F04404DD1}.Release|Any CPU.ActiveCfg = Release|Any CPU
		{D0337F7F-0934-4B53-A0F5-CA5F04404DD1}.Release|Any CPU.Build.0 = Release|Any CPU
	EndGlobalSection
	GlobalSection(SolutionProperties) = preSolution
		HideSolutionNode = FALSE
	EndGlobalSection
	GlobalSection(ExtensibilityGlobals) = postSolution
		SolutionGuid = {9E5BA35B-0FE6-444D-B56F-5FD4EF488C8F}
	EndGlobalSection
EndGlobal
